
Microsoft Visual Studio Solution File, Format Version 10.00
# Visual C# Express 2008
Project("{FAE04EC0-301F-11D3-BF4B-00C04F79EFBC}") = "Chicken", "Chicken\Chicken.csproj", "{BD52ED8A-37A1-4486-9ED2-5A1C79C0ACCB}"
EndProject
Global
	GlobalSection(SolutionConfigurationPlatforms) = preSolution
		Debug|x86 = Debug|x86
		Release|x86 = Release|x86
	EndGlobalSection
	GlobalSection(ProjectConfigurationPlatforms) = postSolution
		{BD52ED8A-37A1-4486-9ED2-5A1C79C0ACCB}.Debug|x86.ActiveCfg = Debug|x86
		{BD52ED8A-37A1-4486-9ED2-5A1C79C0ACCB}.Debug|x86.Build.0 = Debug|x86
		{BD52ED8A-37A1-4486-9ED2-5A1C79C0ACCB}.Release|x86.ActiveCfg = Release|x86
		{BD52ED8A-37A1-4486-9ED2-5A1C79C0ACCB}.Release|x86.Build.0 = Release|x86
		{DE280AF1-D787-4A03-9A6E-D38A388D4C85}.Debug|x86.ActiveCfg = Debug|x86
		{DE280AF1-D787-4A03-9A6E-D38A388D4C85}.Release|x86.ActiveCfg = Release|x86
	EndGlobalSection
	GlobalSection(SolutionProperties) = preSolution
		HideSolutionNode = FALSE
	EndGlobalSection
EndGlobal
